
Microsoft Visual Studio Solution File, Format Version 12.00
# Visual Studio 14
VisualStudioVersion = 14.0.25420.1
MinimumVisualStudioVersion = 10.0.40219.1
Project("{FAE04EC0-301F-11D3-BF4B-00C04F79EFBC}") = "MyPlaces.Android", "MyPlaces\MyPlaces.Android\MyPlaces.Android.csproj", "{06C7103D-CF01-4200-822A-8FE9A7875232}"
EndProject
Project("{FAE04EC0-301F-11D3-BF4B-00C04F79EFBC}") = "MyPlaces", "MyPlaces\MyPlaces\MyPlaces.csproj", "{58F7F0F1-06FF-45AE-896A-2A65AC41746C}"
EndProject
Project("{FAE04EC0-301F-11D3-BF4B-00C04F79EFBC}") = "MyPlaces.Service.Client", "MyPlaces\MyPlaces.Service.Client\MyPlaces.Service.Client.csproj", "{67F9D3A8-F71E-4428-913F-C37AE82CDB24}"
EndProject
Project("{FAE04EC0-301F-11D3-BF4B-00C04F79EFBC}") = "MyPlaces.Model", "MyPlaces\MyPlaces.Model\MyPlaces.Model.csproj", "{A9083CC0-2706-4EF7-8C82-C87094B0BFBF}"
EndProject
Project("{FAE04EC0-301F-11D3-BF4B-00C04F79EFBC}") = "MyPlaces.ViewModel", "MyPlaces\MyPlaces.ViewModel\MyPlaces.ViewModel.csproj", "{E6E4CF32-6AEC-4FF7-A4E8-92851F74F8EB}"
EndProject
Global
	GlobalSection(SolutionConfigurationPlatforms) = preSolution
		Ad-Hoc|Any CPU = Ad-Hoc|Any CPU
		Ad-Hoc|ARM = Ad-Hoc|ARM
		Ad-Hoc|iPhone = Ad-Hoc|iPhone
		Ad-Hoc|iPhoneSimulator = Ad-Hoc|iPhoneSimulator
		Ad-Hoc|x64 = Ad-Hoc|x64
		Ad-Hoc|x86 = Ad-Hoc|x86
		AppStore|Any CPU = AppStore|Any CPU
		AppStore|ARM = AppStore|ARM
		AppStore|iPhone = AppStore|iPhone
		AppStore|iPhoneSimulator = AppStore|iPhoneSimulator
		AppStore|x64 = AppStore|x64
		AppStore|x86 = AppStore|x86
		Debug|Any CPU = Debug|Any CPU
		Debug|ARM = Debug|ARM
		Debug|iPhone = Debug|iPhone
		Debug|iPhoneSimulator = Debug|iPhoneSimulator
		Debug|x64 = Debug|x64
		Debug|x86 = Debug|x86
		Release|Any CPU = Release|Any CPU
		Release|ARM = Release|ARM
		Release|iPhone = Release|iPhone
		Release|iPhoneSimulator = Release|iPhoneSimulator
		Release|x64 = Release|x64
		Release|x86 = Release|x86
	EndGlobalSection
	GlobalSection(ProjectConfigurationPlatforms) = postSolution
		{06C7103D-CF01-4200-822A-8FE9A7875232}.Ad-Hoc|Any CPU.ActiveCfg = Release|Any CPU
		{06C7103D-CF01-4200-822A-8FE9A7875232}.Ad-Hoc|Any CPU.Build.0 = Release|Any CPU
		{06C7103D-CF01-4200-822A-8FE9A7875232}.Ad-Hoc|Any CPU.Deploy.0 = Release|Any CPU
		{06C7103D-CF01-4200-822A-8FE9A7875232}.Ad-Hoc|ARM.ActiveCfg = Release|Any CPU
		{06C7103D-CF01-4200-822A-8FE9A7875232}.Ad-Hoc|ARM.Build.0 = Release|Any CPU
		{06C7103D-CF01-4200-822A-8FE9A7875232}.Ad-Hoc|ARM.Deploy.0 = Release|Any CPU
		{06C7103D-CF01-4200-822A-8FE9A7875232}.Ad-Hoc|iPhone.ActiveCfg = Release|Any CPU
		{06C7103D-CF01-4200-822A-8FE9A7875232}.Ad-Hoc|iPhone.Build.0 = Release|Any CPU
		{06C7103D-CF01-4200-822A-8FE9A7875232}.Ad-Hoc|iPhone.Deploy.0 = Release|Any CPU
		{06C7103D-CF01-4200-822A-8FE9A7875232}.Ad-Hoc|iPhoneSimulator.ActiveCfg = Release|Any CPU
		{06C7103D-CF01-4200-822A-8FE9A7875232}.Ad-Hoc|iPhoneSimulator.Build.0 = Release|Any CPU
		{06C7103D-CF01-4200-822A-8FE9A7875232}.Ad-Hoc|iPhoneSimulator.Deploy.0 = Release|Any CPU
		{06C7103D-CF01-4200-822A-8FE9A7875232}.Ad-Hoc|x64.ActiveCfg = Release|Any CPU
		{06C7103D-CF01-4200-822A-8FE9A7875232}.Ad-Hoc|x64.Build.0 = Release|Any CPU
		{06C7103D-CF01-4200-822A-8FE9A7875232}.Ad-Hoc|x64.Deploy.0 = Release|Any CPU
		{06C7103D-CF01-4200-822A-8FE9A7875232}.Ad-Hoc|x86.ActiveCfg = Release|Any CPU
		{06C7103D-CF01-4200-822A-8FE9A7875232}.Ad-Hoc|x86.Build.0 = Release|Any CPU
		{06C7103D-CF01-4200-822A-8FE9A7875232}.Ad-Hoc|x86.Deploy.0 = Release|Any CPU
		{06C7103D-CF01-4200-822A-8FE9A7875232}.AppStore|Any CPU.ActiveCfg = Release|Any CPU
		{06C7103D-CF01-4200-822A-8FE9A7875232}.AppStore|Any CPU.Build.0 = Release|Any CPU
		{06C7103D-CF01-4200-822A-8FE9A7875232}.AppStore|Any CPU.Deploy.0 = Release|Any CPU
		{06C7103D-CF01-4200-822A-8FE9A7875232}.AppStore|ARM.ActiveCfg = Release|Any CPU
		{06C7103D-CF01-4200-822A-8FE9A7875232}.AppStore|ARM.Build.0 = Release|Any CPU
		{06C7103D-CF01-4200-822A-8FE9A7875232}.AppStore|ARM.Deploy.0 = Release|Any CPU
		{06C7103D-CF01-4200-822A-8FE9A7875232}.AppStore|iPhone.ActiveCfg = Release|Any CPU
		{06C7103D-CF01-4200-822A-8FE9A7875232}.AppStore|iPhone.Build.0 = Release|Any CPU
		{06C7103D-CF01-4200-822A-8FE9A7875232}.AppStore|iPhone.Deploy.0 = Release|Any CPU
		{06C7103D-CF01-4200-822A-8FE9A7875232}.AppStore|iPhoneSimulator.ActiveCfg = Release|Any CPU
		{06C7103D-CF01-4200-822A-8FE9A7875232}.AppStore|iPhoneSimulator.Build.0 = Release|Any CPU
		{06C7103D-CF01-4200-822A-8FE9A7875232}.AppStore|iPhoneSimulator.Deploy.0 = Release|Any CPU
		{06C7103D-CF01-4200-822A-8FE9A7875232}.AppStore|x64.ActiveCfg = Release|Any CPU
		{06C7103D-CF01-4200-822A-8FE9A7875232}.AppStore|x64.Build.0 = Release|Any CPU
		{06C7103D-CF01-4200-822A-8FE9A7875232}.AppStore|x64.Deploy.0 = Release|Any CPU
		{06C7103D-CF01-4200-822A-8FE9A7875232}.AppStore|x86.ActiveCfg = Release|Any CPU
		{06C7103D-CF01-4200-822A-8FE9A7875232}.AppStore|x86.Build.0 = Release|Any CPU
		{06C7103D-CF01-4200-822A-8FE9A7875232}.AppStore|x86.Deploy.0 = Release|Any CPU
		{06C7103D-CF01-4200-822A-8FE9A7875232}.Debug|Any CPU.ActiveCfg = Debug|Any CPU
		{06C7103D-CF01-4200-822A-8FE9A7875232}.Debug|Any CPU.Build.0 = Debug|Any CPU
		{06C7103D-CF01-4200-822A-8FE9A7875232}.Debug|Any CPU.Deploy.0 = Debug|Any CPU
		{06C7103D-CF01-4200-822A-8FE9A7875232}.Debug|ARM.ActiveCfg = Debug|Any CPU
		{06C7103D-CF01-4200-822A-8FE9A7875232}.Debug|ARM.Build.0 = Debug|Any CPU
		{06C7103D-CF01-4200-822A-8FE9A7875232}.Debug|ARM.Deploy.0 = Debug|Any CPU
		{06C7103D-CF01-4200-822A-8FE9A7875232}.Debug|iPhone.ActiveCfg = Debug|Any CPU
		{06C7103D-CF01-4200-822A-8FE9A7875232}.Debug|iPhone.Build.0 = Debug|Any CPU
		{06C7103D-CF01-4200-822A-8FE9A7875232}.Debug|iPhone.Deploy.0 = Debug|Any CPU
		{06C7103D-CF01-4200-822A-8FE9A7875232}.Debug|iPhoneSimulator.ActiveCfg = Debug|Any CPU
		{06C7103D-CF01-4200-822A-8FE9A7875232}.Debug|iPhoneSimulator.Build.0 = Debug|Any CPU
		{06C7103D-CF01-4200-822A-8FE9A7875232}.Debug|iPhoneSimulator.Deploy.0 = Debug|Any CPU
		{06C7103D-CF01-4200-822A-8FE9A7875232}.Debug|x64.ActiveCfg = Debug|Any CPU
		{06C7103D-CF01-4200-822A-8FE9A7875232}.Debug|x64.Build.0 = Debug|Any CPU
		{06C7103D-CF01-4200-822A-8FE9A7875232}.Debug|x64.Deploy.0 = Debug|Any CPU
		{06C7103D-CF01-4200-822A-8FE9A7875232}.Debug|x86.ActiveCfg = Debug|Any CPU
		{06C7103D-CF01-4200-822A-8FE9A7875232}.Debug|x86.Build.0 = Debug|Any CPU
		{06C7103D-CF01-4200-822A-8FE9A7875232}.Debug|x86.Deploy.0 = Debug|Any CPU
		{06C7103D-CF01-4200-822A-8FE9A7875232}.Release|Any CPU.ActiveCfg = Release|Any CPU
		{06C7103D-CF01-4200-822A-8FE9A7875232}.Release|Any CPU.Build.0 = Release|Any CPU
		{06C7103D-CF01-4200-822A-8FE9A7875232}.Release|Any CPU.Deploy.0 = Release|Any CPU
		{06C7103D-CF01-4200-822A-8FE9A7875232}.Release|ARM.ActiveCfg = Release|Any CPU
		{06C7103D-CF01-4200-822A-8FE9A7875232}.Release|ARM.Build.0 = Release|Any CPU
		{06C7103D-CF01-4200-822A-8FE9A7875232}.Release|ARM.Deploy.0 = Release|Any CPU
		{06C7103D-CF01-4200-822A-8FE9A7875232}.Release|iPhone.ActiveCfg = Release|Any CPU
		{06C7103D-CF01-4200-822A-8FE9A7875232}.Release|iPhone.Build.0 = Release|Any CPU
		{06C7103D-CF01-4200-822A-8FE9A7875232}.Release|iPhone.Deploy.0 = Release|Any CPU
		{06C7103D-CF01-4200-822A-8FE9A7875232}.Release|iPhoneSimulator.ActiveCfg = Release|Any CPU
		{06C7103D-CF01-4200-822A-8FE9A7875232}.Release|iPhoneSimulator.Build.0 = Release|Any CPU
		{06C7103D-CF01-4200-822A-8FE9A7875232}.Release|iPhoneSimulator.Deploy.0 = Release|Any CPU
		{06C7103D-CF01-4200-822A-8FE9A7875232}.Release|x64.ActiveCfg = Release|Any CPU
		{06C7103D-CF01-4200-822A-8FE9A7875232}.Release|x64.Build.0 = Release|Any CPU
		{06C7103D-CF01-4200-822A-8FE9A7875232}.Release|x64.Deploy.0 = Release|Any CPU
		{06C7103D-CF01-4200-822A-8FE9A7875232}.Release|x86.ActiveCfg = Release|Any CPU
		{06C7103D-CF01-4200-822A-8FE9A7875232}.Release|x86.Build.0 = Release|Any CPU
		{06C7103D-CF01-4200-822A-8FE9A7875232}.Release|x86.Deploy.0 = Release|Any CPU
		{58F7F0F1-06FF-45AE-896A-2A65AC41746C}.Ad-Hoc|Any CPU.ActiveCfg = Release|Any CPU
		{58F7F0F1-06FF-45AE-896A-2A65AC41746C}.Ad-Hoc|Any CPU.Build.0 = Release|Any CPU
		{58F7F0F1-06FF-45AE-896A-2A65AC41746C}.Ad-Hoc|ARM.ActiveCfg = Release|Any CPU
		{58F7F0F1-06FF-45AE-896A-2A65AC41746C}.Ad-Hoc|ARM.Build.0 = Release|Any CPU
		{58F7F0F1-06FF-45AE-896A-2A65AC41746C}.Ad-Hoc|iPhone.ActiveCfg = Release|Any CPU
		{58F7F0F1-06FF-45AE-896A-2A65AC41746C}.Ad-Hoc|iPhone.Build.0 = Release|Any CPU
		{58F7F0F1-06FF-45AE-896A-2A65AC41746C}.Ad-Hoc|iPhoneSimulator.ActiveCfg = Release|Any CPU
		{58F7F0F1-06FF-45AE-896A-2A65AC41746C}.Ad-Hoc|iPhoneSimulator.Build.0 = Release|Any CPU
		{58F7F0F1-06FF-45AE-896A-2A65AC41746C}.Ad-Hoc|x64.ActiveCfg = Release|Any CPU
		{58F7F0F1-06FF-45AE-896A-2A65AC41746C}.Ad-Hoc|x64.Build.0 = Release|Any CPU
		{58F7F0F1-06FF-45AE-896A-2A65AC41746C}.Ad-Hoc|x86.ActiveCfg = Release|Any CPU
		{58F7F0F1-06FF-45AE-896A-2A65AC41746C}.Ad-Hoc|x86.Build.0 = Release|Any CPU
		{58F7F0F1-06FF-45AE-896A-2A65AC41746C}.AppStore|Any CPU.ActiveCfg = Release|Any CPU
		{58F7F0F1-06FF-45AE-896A-2A65AC41746C}.AppStore|Any CPU.Build.0 = Release|Any CPU
		{58F7F0F1-06FF-45AE-896A-2A65AC41746C}.AppStore|ARM.ActiveCfg = Release|Any CPU
		{58F7F0F1-06FF-45AE-896A-2A65AC41746C}.AppStore|ARM.Build.0 = Release|Any CPU
		{58F7F0F1-06FF-45AE-896A-2A65AC41746C}.AppStore|iPhone.ActiveCfg = Release|Any CPU
		{58F7F0F1-06FF-45AE-896A-2A65AC41746C}.AppStore|iPhone.Build.0 = Release|Any CPU
		{58F7F0F1-06FF-45AE-896A-2A65AC41746C}.AppStore|iPhoneSimulator.ActiveCfg = Release|Any CPU
		{58F7F0F1-06FF-45AE-896A-2A65AC41746C}.AppStore|iPhoneSimulator.Build.0 = Release|Any CPU
		{58F7F0F1-06FF-45AE-896A-2A65AC41746C}.AppStore|x64.ActiveCfg = Release|Any CPU
		{58F7F0F1-06FF-45AE-896A-2A65AC41746C}.AppStore|x64.Build.0 = Release|Any CPU
		{58F7F0F1-06FF-45AE-896A-2A65AC41746C}.AppStore|x86.ActiveCfg = Release|Any CPU
		{58F7F0F1-06FF-45AE-896A-2A65AC41746C}.AppStore|x86.Build.0 = Release|Any CPU
		{58F7F0F1-06FF-45AE-896A-2A65AC41746C}.Debug|Any CPU.ActiveCfg = Debug|Any CPU
		{58F7F0F1-06FF-45AE-896A-2A65AC41746C}.Debug|Any CPU.Build.0 = Debug|Any CPU
		{58F7F0F1-06FF-45AE-896A-2A65AC41746C}.Debug|ARM.ActiveCfg = Debug|Any CPU
		{58F7F0F1-06FF-45AE-896A-2A65AC41746C}.Debug|ARM.Build.0 = Debug|Any CPU
		{58F7F0F1-06FF-45AE-896A-2A65AC41746C}.Debug|iPhone.ActiveCfg = Debug|Any CPU
		{58F7F0F1-06FF-45AE-896A-2A65AC41746C}.Debug|iPhone.Build.0 = Debug|Any CPU
		{58F7F0F1-06FF-45AE-896A-2A65AC41746C}.Debug|iPhoneSimulator.ActiveCfg = Debug|Any CPU
		{58F7F0F1-06FF-45AE-896A-2A65AC41746C}.Debug|iPhoneSimulator.Build.0 = Debug|Any CPU
		{58F7F0F1-06FF-45AE-896A-2A65AC41746C}.Debug|x64.ActiveCfg = Debug|Any CPU
		{58F7F0F1-06FF-45AE-896A-2A65AC41746C}.Debug|x64.Build.0 = Debug|Any CPU
		{58F7F0F1-06FF-45AE-896A-2A65AC41746C}.Debug|x86.ActiveCfg = Debug|Any CPU
		{58F7F0F1-06FF-45AE-896A-2A65AC41746C}.Debug|x86.Build.0 = Debug|Any CPU
		{58F7F0F1-06FF-45AE-896A-2A65AC41746C}.Release|Any CPU.ActiveCfg = Release|Any CPU
		{58F7F0F1-06FF-45AE-896A-2A65AC41746C}.Release|Any CPU.Build.0 = Release|Any CPU
		{58F7F0F1-06FF-45AE-896A-2A65AC41746C}.Release|ARM.ActiveCfg = Release|Any CPU
		{58F7F0F1-06FF-45AE-896A-2A65AC41746C}.Release|ARM.Build.0 = Release|Any CPU
		{58F7F0F1-06FF-45AE-896A-2A65AC41746C}.Release|iPhone.ActiveCfg = Release|Any CPU
		{58F7F0F1-06FF-45AE-896A-2A65AC41746C}.Release|iPhone.Build.0 = Release|Any CPU
		{58F7F0F1-06FF-45AE-896A-2A65AC41746C}.Release|iPhoneSimulator.ActiveCfg = Release|Any CPU
		{58F7F0F1-06FF-45AE-896A-2A65AC41746C}.Release|iPhoneSimulator.Build.0 = Release|Any CPU
		{58F7F0F1-06FF-45AE-896A-2A65AC41746C}.Release|x64.ActiveCfg = Release|Any CPU
		{58F7F0F1-06FF-45AE-896A-2A65AC41746C}.Release|x64.Build.0 = Release|Any CPU
		{58F7F0F1-06FF-45AE-896A-2A65AC41746C}.Release|x86.ActiveCfg = Release|Any CPU
		{58F7F0F1-06FF-45AE-896A-2A65AC41746C}.Release|x86.Build.0 = Release|Any CPU
		{67F9D3A8-F71E-4428-913F-C37AE82CDB24}.Ad-Hoc|Any CPU.ActiveCfg = Release|Any CPU
		{67F9D3A8-F71E-4428-913F-C37AE82CDB24}.Ad-Hoc|Any CPU.Build.0 = Release|Any CPU
		{67F9D3A8-F71E-4428-913F-C37AE82CDB24}.Ad-Hoc|ARM.ActiveCfg = Release|Any CPU
		{67F9D3A8-F71E-4428-913F-C37AE82CDB24}.Ad-Hoc|ARM.Build.0 = Release|Any CPU
		{67F9D3A8-F71E-4428-913F-C37AE82CDB24}.Ad-Hoc|iPhone.ActiveCfg = Release|Any CPU
		{67F9D3A8-F71E-4428-913F-C37AE82CDB24}.Ad-Hoc|iPhone.Build.0 = Release|Any CPU
		{67F9D3A8-F71E-4428-913F-C37AE82CDB24}.Ad-Hoc|iPhoneSimulator.ActiveCfg = Release|Any CPU
		{67F9D3A8-F71E-4428-913F-C37AE82CDB24}.Ad-Hoc|iPhoneSimulator.Build.0 = Release|Any CPU
		{67F9D3A8-F71E-4428-913F-C37AE82CDB24}.Ad-Hoc|x64.ActiveCfg = Release|Any CPU
		{67F9D3A8-F71E-4428-913F-C37AE82CDB24}.Ad-Hoc|x64.Build.0 = Release|Any CPU
		{67F9D3A8-F71E-4428-913F-C37AE82CDB24}.Ad-Hoc|x86.ActiveCfg = Release|Any CPU
		{67F9D3A8-F71E-4428-913F-C37AE82CDB24}.Ad-Hoc|x86.Build.0 = Release|Any CPU
		{67F9D3A8-F71E-4428-913F-C37AE82CDB24}.AppStore|Any CPU.ActiveCfg = Release|Any CPU
		{67F9D3A8-F71E-4428-913F-C37AE82CDB24}.AppStore|Any CPU.Build.0 = Release|Any CPU
		{67F9D3A8-F71E-4428-913F-C37AE82CDB24}.AppStore|ARM.ActiveCfg = Release|Any CPU
		{67F9D3A8-F71E-4428-913F-C37AE82CDB24}.AppStore|ARM.Build.0 = Release|Any CPU
		{67F9D3A8-F71E-4428-913F-C37AE82CDB24}.AppStore|iPhone.ActiveCfg = Release|Any CPU
		{67F9D3A8-F71E-4428-913F-C37AE82CDB24}.AppStore|iPhone.Build.0 = Release|Any CPU
		{67F9D3A8-F71E-4428-913F-C37AE82CDB24}.AppStore|iPhoneSimulator.ActiveCfg = Release|Any CPU
		{67F9D3A8-F71E-4428-913F-C37AE82CDB24}.AppStore|iPhoneSimulator.Build.0 = Release|Any CPU
		{67F9D3A8-F71E-4428-913F-C37AE82CDB24}.AppStore|x64.ActiveCfg = Release|Any CPU
		{67F9D3A8-F71E-4428-913F-C37AE82CDB24}.AppStore|x64.Build.0 = Release|Any CPU
		{67F9D3A8-F71E-4428-913F-C37AE82CDB24}.AppStore|x86.ActiveCfg = Release|Any CPU
		{67F9D3A8-F71E-4428-913F-C37AE82CDB24}.AppStore|x86.Build.0 = Release|Any CPU
		{67F9D3A8-F71E-4428-913F-C37AE82CDB24}.Debug|Any CPU.ActiveCfg = Debug|Any CPU
		{67F9D3A8-F71E-4428-913F-C37AE82CDB24}.Debug|Any CPU.Build.0 = Debug|Any CPU
		{67F9D3A8-F71E-4428-913F-C37AE82CDB24}.Debug|ARM.ActiveCfg = Debug|Any CPU
		{67F9D3A8-F71E-4428-913F-C37AE82CDB24}.Debug|ARM.Build.0 = Debug|Any CPU
		{67F9D3A8-F71E-4428-913F-C37AE82CDB24}.Debug|iPhone.ActiveCfg = Debug|Any CPU
		{67F9D3A8-F71E-4428-913F-C37AE82CDB24}.Debug|iPhone.Build.0 = Debug|Any CPU
		{67F9D3A8-F71E-4428-913F-C37AE82CDB24}.Debug|iPhoneSimulator.ActiveCfg = Debug|Any CPU
		{67F9D3A8-F71E-4428-913F-C37AE82CDB24}.Debug|iPhoneSimulator.Build.0 = Debug|Any CPU
		{67F9D3A8-F71E-4428-913F-C37AE82CDB24}.Debug|x64.ActiveCfg = Debug|Any CPU
		{67F9D3A8-F71E-4428-913F-C37AE82CDB24}.Debug|x64.Build.0 = Debug|Any CPU
		{67F9D3A8-F71E-4428-913F-C37AE82CDB24}.Debug|x86.ActiveCfg = Debug|Any CPU
		{67F9D3A8-F71E-4428-913F-C37AE82CDB24}.Debug|x86.Build.0 = Debug|Any CPU
		{67F9D3A8-F71E-4428-913F-C37AE82CDB24}.Release|Any CPU.ActiveCfg = Release|Any CPU
		{67F9D3A8-F71E-4428-913F-C37AE82CDB24}.Release|Any CPU.Build.0 = Release|Any CPU
		{67F9D3A8-F71E-4428-913F-C37AE82CDB24}.Release|ARM.ActiveCfg = Release|Any CPU
		{67F9D3A8-F71E-4428-913F-C37AE82CDB24}.Release|ARM.Build.0 = Release|Any CPU
		{67F9D3A8-F71E-4428-913F-C37AE82CDB24}.Release|iPhone.ActiveCfg = Release|Any CPU
		{67F9D3A8-F71E-4428-913F-C37AE82CDB24}.Release|iPhone.Build.0 = Release|Any CPU
		{67F9D3A8-F71E-4428-913F-C37AE82CDB24}.Release|iPhoneSimulator.ActiveCfg = Release|Any CPU
		{67F9D3A8-F71E-4428-913F-C37AE82CDB24}.Release|iPhoneSimulator.Build.0 = Release|Any CPU
		{67F9D3A8-F71E-4428-913F-C37AE82CDB24}.Release|x64.ActiveCfg = Release|Any CPU
		{67F9D3A8-F71E-4428-913F-C37AE82CDB24}.Release|x64.Build.0 = Release|Any CPU
		{67F9D3A8-F71E-4428-913F-C37AE82CDB24}.Release|x86.ActiveCfg = Release|Any CPU
		{67F9D3A8-F71E-4428-913F-C37AE82CDB24}.Release|x86.Build.0 = Release|Any CPU
		{A9083CC0-2706-4EF7-8C82-C87094B0BFBF}.Ad-Hoc|Any CPU.ActiveCfg = Release|Any CPU
		{A9083CC0-2706-4EF7-8C82-C87094B0BFBF}.Ad-Hoc|Any CPU.Build.0 = Release|Any CPU
		{A9083CC0-2706-4EF7-8C82-C87094B0BFBF}.Ad-Hoc|ARM.ActiveCfg = Release|Any CPU
		{A9083CC0-2706-4EF7-8C82-C87094B0BFBF}.Ad-Hoc|ARM.Build.0 = Release|Any CPU
		{A9083CC0-2706-4EF7-8C82-C87094B0BFBF}.Ad-Hoc|iPhone.ActiveCfg = Release|Any CPU
		{A9083CC0-2706-4EF7-8C82-C87094B0BFBF}.Ad-Hoc|iPhone.Build.0 = Release|Any CPU
		{A9083CC0-2706-4EF7-8C82-C87094B0BFBF}.Ad-Hoc|iPhoneSimulator.ActiveCfg = Release|Any CPU
		{A9083CC0-2706-4EF7-8C82-C87094B0BFBF}.Ad-Hoc|iPhoneSimulator.Build.0 = Release|Any CPU
		{A9083CC0-2706-4EF7-8C82-C87094B0BFBF}.Ad-Hoc|x64.ActiveCfg = Release|Any CPU
		{A9083CC0-2706-4EF7-8C82-C87094B0BFBF}.Ad-Hoc|x64.Build.0 = Release|Any CPU
		{A9083CC0-2706-4EF7-8C82-C87094B0BFBF}.Ad-Hoc|x86.ActiveCfg = Release|Any CPU
		{A9083CC0-2706-4EF7-8C82-C87094B0BFBF}.Ad-Hoc|x86.Build.0 = Release|Any CPU
		{A9083CC0-2706-4EF7-8C82-C87094B0BFBF}.AppStore|Any CPU.ActiveCfg = Release|Any CPU
		{A9083CC0-2706-4EF7-8C82-C87094B0BFBF}.AppStore|Any CPU.Build.0 = Release|Any CPU
		{A9083CC0-2706-4EF7-8C82-C87094B0BFBF}.AppStore|ARM.ActiveCfg = Release|Any CPU
		{A9083CC0-2706-4EF7-8C82-C87094B0BFBF}.AppStore|ARM.Build.0 = Release|Any CPU
		{A9083CC0-2706-4EF7-8C82-C87094B0BFBF}.AppStore|iPhone.ActiveCfg = Release|Any CPU
		{A9083CC0-2706-4EF7-8C82-C87094B0BFBF}.AppStore|iPhone.Build.0 = Release|Any CPU
		{A9083CC0-2706-4EF7-8C82-C87094B0BFBF}.AppStore|iPhoneSimulator.ActiveCfg = Release|Any CPU
		{A9083CC0-2706-4EF7-8C82-C87094B0BFBF}.AppStore|iPhoneSimulator.Build.0 = Release|Any CPU
		{A9083CC0-2706-4EF7-8C82-C87094B0BFBF}.AppStore|x64.ActiveCfg = Release|Any CPU
		{A9083CC0-2706-4EF7-8C82-C87094B0BFBF}.AppStore|x64.Build.0 = Release|Any CPU
		{A9083CC0-2706-4EF7-8C82-C87094B0BFBF}.AppStore|x86.ActiveCfg = Release|Any CPU
		{A9083CC0-2706-4EF7-8C82-C87094B0BFBF}.AppStore|x86.Build.0 = Release|Any CPU
		{A9083CC0-2706-4EF7-8C82-C87094B0BFBF}.Debug|Any CPU.ActiveCfg = Debug|Any CPU
		{A9083CC0-2706-4EF7-8C82-C87094B0BFBF}.Debug|Any CPU.Build.0 = Debug|Any CPU
		{A9083CC0-2706-4EF7-8C82-C87094B0BFBF}.Debug|ARM.ActiveCfg = Debug|Any CPU
		{A9083CC0-2706-4EF7-8C82-C87094B0BFBF}.Debug|ARM.Build.0 = Debug|Any CPU
		{A9083CC0-2706-4EF7-8C82-C87094B0BFBF}.Debug|iPhone.ActiveCfg = Debug|Any CPU
		{A9083CC0-2706-4EF7-8C82-C87094B0BFBF}.Debug|iPhone.Build.0 = Debug|Any CPU
		{A9083CC0-2706-4EF7-8C82-C87094B0BFBF}.Debug|iPhoneSimulator.ActiveCfg = Debug|Any CPU
		{A9083CC0-2706-4EF7-8C82-C87094B0BFBF}.Debug|iPhoneSimulator.Build.0 = Debug|Any CPU
		{A9083CC0-2706-4EF7-8C82-C87094B0BFBF}.Debug|x64.ActiveCfg = Debug|Any CPU
		{A9083CC0-2706-4EF7-8C82-C87094B0BFBF}.Debug|x64.Build.0 = Debug|Any CPU
		{A9083CC0-2706-4EF7-8C82-C87094B0BFBF}.Debug|x86.ActiveCfg = Debug|Any CPU
		{A9083CC0-2706-4EF7-8C82-C87094B0BFBF}.Debug|x86.Build.0 = Debug|Any CPU
		{A9083CC0-2706-4EF7-8C82-C87094B0BFBF}.Release|Any CPU.ActiveCfg = Release|Any CPU
		{A9083CC0-2706-4EF7-8C82-C87094B0BFBF}.Release|Any CPU.Build.0 = Release|Any CPU
		{A9083CC0-2706-4EF7-8C82-C87094B0BFBF}.Release|ARM.ActiveCfg = Release|Any CPU
		{A9083CC0-2706-4EF7-8C82-C87094B0BFBF}.Release|ARM.Build.0 = Release|Any CPU
		{A9083CC0-2706-4EF7-8C82-C87094B0BFBF}.Release|iPhone.ActiveCfg = Release|Any CPU
		{A9083CC0-2706-4EF7-8C82-C87094B0BFBF}.Release|iPhone.Build.0 = Release|Any CPU
		{A9083CC0-2706-4EF7-8C82-C87094B0BFBF}.Release|iPhoneSimulator.ActiveCfg = Release|Any CPU
		{A9083CC0-2706-4EF7-8C82-C87094B0BFBF}.Release|iPhoneSimulator.Build.0 = Release|Any CPU
		{A9083CC0-2706-4EF7-8C82-C87094B0BFBF}.Release|x64.ActiveCfg = Release|Any CPU
		{A9083CC0-2706-4EF7-8C82-C87094B0BFBF}.Release|x64.Build.0 = Release|Any CPU
		{A9083CC0-2706-4EF7-8C82-C87094B0BFBF}.Release|x86.ActiveCfg = Release|Any CPU
		{A9083CC0-2706-4EF7-8C82-C87094B0BFBF}.Release|x86.Build.0 = Release|Any CPU
		{E6E4CF32-6AEC-4FF7-A4E8-92851F74F8EB}.Ad-Hoc|Any CPU.ActiveCfg = Release|Any CPU
		{E6E4CF32-6AEC-4FF7-A4E8-92851F74F8EB}.Ad-Hoc|Any CPU.Build.0 = Release|Any CPU
		{E6E4CF32-6AEC-4FF7-A4E8-92851F74F8EB}.Ad-Hoc|ARM.ActiveCfg = Release|Any CPU
		{E6E4CF32-6AEC-4FF7-A4E8-92851F74F8EB}.Ad-Hoc|ARM.Build.0 = Release|Any CPU
		{E6E4CF32-6AEC-4FF7-A4E8-92851F74F8EB}.Ad-Hoc|iPhone.ActiveCfg = Release|Any CPU
		{E6E4CF32-6AEC-4FF7-A4E8-92851F74F8EB}.Ad-Hoc|iPhone.Build.0 = Release|Any CPU
		{E6E4CF32-6AEC-4FF7-A4E8-92851F74F8EB}.Ad-Hoc|iPhoneSimulator.ActiveCfg = Release|Any CPU
		{E6E4CF32-6AEC-4FF7-A4E8-92851F74F8EB}.Ad-Hoc|iPhoneSimulator.Build.0 = Release|Any CPU
		{E6E4CF32-6AEC-4FF7-A4E8-92851F74F8EB}.Ad-Hoc|x64.ActiveCfg = Release|Any CPU
		{E6E4CF32-6AEC-4FF7-A4E8-92851F74F8EB}.Ad-Hoc|x64.Build.0 = Release|Any CPU
		{E6E4CF32-6AEC-4FF7-A4E8-92851F74F8EB}.Ad-Hoc|x86.ActiveCfg = Release|Any CPU
		{E6E4CF32-6AEC-4FF7-A4E8-92851F74F8EB}.Ad-Hoc|x86.Build.0 = Release|Any CPU
		{E6E4CF32-6AEC-4FF7-A4E8-92851F74F8EB}.AppStore|Any CPU.ActiveCfg = Release|Any CPU
		{E6E4CF32-6AEC-4FF7-A4E8-92851F74F8EB}.AppStore|Any CPU.Build.0 = Release|Any CPU
		{E6E4CF32-6AEC-4FF7-A4E8-92851F74F8EB}.AppStore|ARM.ActiveCfg = Release|Any CPU
		{E6E4CF32-6AEC-4FF7-A4E8-92851F74F8EB}.AppStore|ARM.Build.0 = Release|Any CPU
		{E6E4CF32-6AEC-4FF7-A4E8-92851F74F8EB}.AppStore|iPhone.ActiveCfg = Release|Any CPU
		{E6E4CF32-6AEC-4FF7-A4E8-92851F74F8EB}.AppStore|iPhone.Build.0 = Release|Any CPU
		{E6E4CF32-6AEC-4FF7-A4E8-92851F74F8EB}.AppStore|iPhoneSimulator.ActiveCfg = Release|Any CPU
		{E6E4CF32-6AEC-4FF7-A4E8-92851F74F8EB}.AppStore|iPhoneSimulator.Build.0 = Release|Any CPU
		{E6E4CF32-6AEC-4FF7-A4E8-92851F74F8EB}.AppStore|x64.ActiveCfg = Release|Any CPU
		{E6E4CF32-6AEC-4FF7-A4E8-92851F74F8EB}.AppStore|x64.Build.0 = Release|Any CPU
		{E6E4CF32-6AEC-4FF7-A4E8-92851F74F8EB}.AppStore|x86.ActiveCfg = Release|Any CPU
		{E6E4CF32-6AEC-4FF7-A4E8-92851F74F8EB}.AppStore|x86.Build.0 = Release|Any CPU
		{E6E4CF32-6AEC-4FF7-A4E8-92851F74F8EB}.Debug|Any CPU.ActiveCfg = Debug|Any CPU
		{E6E4CF32-6AEC-4FF7-A4E8-92851F74F8EB}.Debug|Any CPU.Build.0 = Debug|Any CPU
		{E6E4CF32-6AEC-4FF7-A4E8-92851F74F8EB}.Debug|ARM.ActiveCfg = Debug|Any CPU
		{E6E4CF32-6AEC-4FF7-A4E8-92851F74F8EB}.Debug|ARM.Build.0 = Debug|Any CPU
		{E6E4CF32-6AEC-4FF7-A4E8-92851F74F8EB}.Debug|iPhone.ActiveCfg = Debug|Any CPU
		{E6E4CF32-6AEC-4FF7-A4E8-92851F74F8EB}.Debug|iPhone.Build.0 = Debug|Any CPU
		{E6E4CF32-6AEC-4FF7-A4E8-92851F74F8EB}.Debug|iPhoneSimulator.ActiveCfg = Debug|Any CPU
		{E6E4CF32-6AEC-4FF7-A4E8-92851F74F8EB}.Debug|iPhoneSimulator.Build.0 = Debug|Any CPU
		{E6E4CF32-6AEC-4FF7-A4E8-92851F74F8EB}.Debug|x64.ActiveCfg = Debug|Any CPU
		{E6E4CF32-6AEC-4FF7-A4E8-92851F74F8EB}.Debug|x64.Build.0 = Debug|Any CPU
		{E6E4CF32-6AEC-4FF7-A4E8-92851F74F8EB}.Debug|x86.ActiveCfg = Debug|Any CPU
		{E6E4CF32-6AEC-4FF7-A4E8-92851F74F8EB}.Debug|x86.Build.0 = Debug|Any CPU
		{E6E4CF32-6AEC-4FF7-A4E8-92851F74F8EB}.Release|Any CPU.ActiveCfg = Release|Any CPU
		{E6E4CF32-6AEC-4FF7-A4E8-92851F74F8EB}.Release|Any CPU.Build.0 = Release|Any CPU
		{E6E4CF32-6AEC-4FF7-A4E8-92851F74F8EB}.Release|ARM.ActiveCfg = Release|Any CPU
		{E6E4CF32-6AEC-4FF7-A4E8-92851F74F8EB}.Release|ARM.Build.0 = Release|Any CPU
		{E6E4CF32-6AEC-4FF7-A4E8-92851F74F8EB}.Release|iPhone.ActiveCfg = Release|Any CPU
		{E6E4CF32-6AEC-4FF7-A4E8-92851F74F8EB}.Release|iPhone.Build.0 = Release|Any CPU
		{E6E4CF32-6AEC-4FF7-A4E8-92851F74F8EB}.Release|iPhoneSimulator.ActiveCfg = Release|Any CPU
		{E6E4CF32-6AEC-4FF7-A4E8-92851F74F8EB}.Release|iPhoneSimulator.Build.0 = Release|Any CPU
		{E6E4CF32-6AEC-4FF7-A4E8-92851F74F8EB}.Release|x64.ActiveCfg = Release|Any CPU
		{E6E4CF32-6AEC-4FF7-A4E8-92851F74F8EB}.Release|x64.Build.0 = Release|Any CPU
		{E6E4CF32-6AEC-4FF7-A4E8-92851F74F8EB}.Release|x86.ActiveCfg = Release|Any CPU
		{E6E4CF32-6AEC-4FF7-A4E8-92851F74F8EB}.Release|x86.Build.0 = Release|Any CPU
	EndGlobalSection
	GlobalSection(SolutionProperties) = preSolution
		HideSolutionNode = FALSE
	EndGlobalSection
EndGlobal
